
Microsoft Visual Studio Solution File, Format Version 11.00
# Visual Studio 2010
Project("{8BC9CEB8-8B4A-11D0-8D11-00A0C91BC942}") = "CMD", "CMD\CMD.vcxproj", "{954AD307-B321-4F3E-AD96-915A990F3340}"
EndProject
Global
	GlobalSection(SolutionConfigurationPlatforms) = preSolution
		Debug|Win32 = Debug|Win32
		Release|Win32 = Release|Win32
	EndGlobalSection
	GlobalSection(ProjectConfigurationPlatforms) = postSolution
		{954AD307-B321-4F3E-AD96-915A990F3340}.Debug|Win32.ActiveCfg = Debug|Win32
		{954AD307-B321-4F3E-AD96-915A990F3340}.Debug|Win32.Build.0 = Debug|Win32
		{954AD307-B321-4F3E-AD96-915A990F3340}.Release|Win32.ActiveCfg = Release|Win32
		{954AD307-B321-4F3E-AD96-915A990F3340}.Release|Win32.Build.0 = Release|Win32
	EndGlobalSection
	GlobalSection(SolutionProperties) = preSolution
		HideSolutionNode = FALSE
	EndGlobalSection
EndGlobal
