
Microsoft Visual Studio Solution File, Format Version 11.00
# Visual Studio 2010
Project("{8BC9CEB8-8B4A-11D0-8D11-00A0C91BC942}") = "Hello2017", "Hello2017\Hello2017.vcxproj", "{A62833A0-5E5C-4687-A76B-3FE94D75570F}"
EndProject
Global
	GlobalSection(SolutionConfigurationPlatforms) = preSolution
		Debug|Win32 = Debug|Win32
		Release|Win32 = Release|Win32
	EndGlobalSection
	GlobalSection(ProjectConfigurationPlatforms) = postSolution
		{A62833A0-5E5C-4687-A76B-3FE94D75570F}.Debug|Win32.ActiveCfg = Debug|Win32
		{A62833A0-5E5C-4687-A76B-3FE94D75570F}.Debug|Win32.Build.0 = Debug|Win32
		{A62833A0-5E5C-4687-A76B-3FE94D75570F}.Release|Win32.ActiveCfg = Release|Win32
		{A62833A0-5E5C-4687-A76B-3FE94D75570F}.Release|Win32.Build.0 = Release|Win32
	EndGlobalSection
	GlobalSection(SolutionProperties) = preSolution
		HideSolutionNode = FALSE
	EndGlobalSection
EndGlobal
